
Microsoft Visual Studio Solution File, Format Version 12.00
# Visual Studio Version 17
VisualStudioVersion = 17.11.35327.3
MinimumVisualStudioVersion = 10.0.40219.1
Project("{FAE04EC0-301F-11D3-BF4B-00C04F79EFBC}") = "PostGradAdminAPI", "PostGradAdminAPI\PostGradAdminAPI.csproj", "{56786916-DA27-45D3-BBD6-F40EEB303652}"
EndProject
Global
	GlobalSection(SolutionConfigurationPlatforms) = preSolution
		Debug|Any CPU = Debug|Any CPU
		Release|Any CPU = Release|Any CPU
	EndGlobalSection
	GlobalSection(ProjectConfigurationPlatforms) = postSolution
		{56786916-DA27-45D3-BBD6-F40EEB303652}.Debug|Any CPU.ActiveCfg = Debug|Any CPU
		{56786916-DA27-45D3-BBD6-F40EEB303652}.Debug|Any CPU.Build.0 = Debug|Any CPU
		{56786916-DA27-45D3-BBD6-F40EEB303652}.Release|Any CPU.ActiveCfg = Release|Any CPU
		{56786916-DA27-45D3-BBD6-F40EEB303652}.Release|Any CPU.Build.0 = Release|Any CPU
	EndGlobalSection
	GlobalSection(SolutionProperties) = preSolution
		HideSolutionNode = FALSE
	EndGlobalSection
	GlobalSection(ExtensibilityGlobals) = postSolution
		SolutionGuid = {6C1B9667-4CD4-41F6-BFD8-D0EE726B37C4}
	EndGlobalSection
EndGlobal
